// !$*UTF8*$!
{
	archiveVersion = 1;
	classes = {
	};
	objectVersion = 46;
	objects = {

/* Begin PBXBuildFile section */
		F1898C011E5979770009AEC1 /* AppDelegate.swift in Sources */ = {isa = PBXBuildFile; fileRef = F1898C001E5979770009AEC1 /* AppDelegate.swift */; };
		F1898C061E5979770009AEC1 /* Main.storyboard in Resources */ = {isa = PBXBuildFile; fileRef = F1898C041E5979770009AEC1 /* Main.storyboard */; };
		F1898C081E5979770009AEC1 /* Assets.xcassets in Resources */ = {isa = PBXBuildFile; fileRef = F1898C071E5979770009AEC1 /* Assets.xcassets */; };
		F1898C0B1E5979770009AEC1 /* LaunchScreen.storyboard in Resources */ = {isa = PBXBuildFile; fileRef = F1898C091E5979770009AEC1 /* LaunchScreen.storyboard */; };
		F1898C131E5A03FD0009AEC1 /* TVC.swift in Sources */ = {isa = PBXBuildFile; fileRef = F1898C121E5A03FD0009AEC1 /* TVC.swift */; };
		F1898C151E5A0B010009AEC1 /* ControlCiudad.swift in Sources */ = {isa = PBXBuildFile; fileRef = F1898C141E5A0B010009AEC1 /* ControlCiudad.swift */; };
/* End PBXBuildFile section */

/* Begin PBXFileReference section */
		F1898BFD1E5979760009AEC1 /* Clima3.app */ = {isa = PBXFileReference; explicitFileType = wrapper.application; includeInIndex = 0; path = Clima3.app; sourceTree = BUILT_PRODUCTS_DIR; };
		F1898C001E5979770009AEC1 /* AppDelegate.swift */ = {isa = PBXFileReference; lastKnownFileType = sourcecode.swift; path = AppDelegate.swift; sourceTree = "<group>"; };
		F1898C051E5979770009AEC1 /* Base */ = {isa = PBXFileReference; lastKnownFileType = file.storyboard; name = Base; path = Base.lproj/Main.storyboard; sourceTree = "<group>"; };
		F1898C071E5979770009AEC1 /* Assets.xcassets */ = {isa = PBXFileReference; lastKnownFileType = folder.assetcatalog; path = Assets.xcassets; sourceTree = "<group>"; };
		F1898C0A1E5979770009AEC1 /* Base */ = {isa = PBXFileReference; lastKnownFileType = file.storyboard; name = Base; path = Base.lproj/LaunchScreen.storyboard; sourceTree = "<group>"; };
		F1898C0C1E5979770009AEC1 /* Info.plist */ = {isa = PBXFileReference; lastKnownFileType = text.plist.xml; path = Info.plist; sourceTree = "<group>"; };
		F1898C121E5A03FD0009AEC1 /* TVC.swift */ = {isa = PBXFileReference; fileEncoding = 4; lastKnownFileType = sourcecode.swift; path = TVC.swift; sourceTree = "<group>"; };
		F1898C141E5A0B010009AEC1 /* ControlCiudad.swift */ = {isa = PBXFileReference; fileEncoding = 4; lastKnownFileType = sourcecode.swift; path = ControlCiudad.swift; sourceTree = "<group>"; };
/* End PBXFileReference section */

/* Begin PBXFrameworksBuildPhase section */
		F1898BFA1E5979760009AEC1 /* Frameworks */ = {
			isa = PBXFrameworksBuildPhase;
			buildActionMask = 2147483647;
			files = (
			);
			runOnlyForDeploymentPostprocessing = 0;
		};
/* End PBXFrameworksBuildPhase section */

/* Begin PBXGroup section */
		F1898BF41E5979760009AEC1 = {
			isa = PBXGroup;
			children = (
				F1898BFF1E5979760009AEC1 /* Clima3 */,
				F1898BFE1E5979760009AEC1 /* Products */,
			);
			sourceTree = "<group>";
		};
		F1898BFE1E5979760009AEC1 /* Products */ = {
			isa = PBXGroup;
			children = (
				F1898BFD1E5979760009AEC1 /* Clima3.app */,
			);
			name = Products;
			sourceTree = "<group>";
		};
		F1898BFF1E5979760009AEC1 /* Clima3 */ = {
			isa = PBXGroup;
			children = (
				F1898C001E5979770009AEC1 /* AppDelegate.swift */,
				F1898C041E5979770009AEC1 /* Main.storyboard */,
				F1898C071E5979770009AEC1 /* Assets.xcassets */,
				F1898C091E5979770009AEC1 /* LaunchScreen.storyboard */,
				F1898C0C1E5979770009AEC1 /* Info.plist */,
				F1898C121E5A03FD0009AEC1 /* TVC.swift */,
				F1898C141E5A0B010009AEC1 /* ControlCiudad.swift */,
			);
			path = Clima3;
			sourceTree = "<group>";
		};
/* End PBXGroup section */

/* Begin PBXNativeTarget section */
		F1898BFC1E5979760009AEC1 /* Clima3 */ = {
			isa = PBXNativeTarget;
			buildConfigurationList = F1898C0F1E5979770009AEC1 /* Build configuration list for PBXNativeTarget "Clima3" */;
			buildPhases = (
				F1898BF91E5979760009AEC1 /* Sources */,
				F1898BFA1E5979760009AEC1 /* Frameworks */,
				F1898BFB1E5979760009AEC1 /* Resources */,
			);
			buildRules = (
			);
			dependencies = (
			);
			name = Clima3;
			productName = Clima3;
			productReference = F1898BFD1E5979760009AEC1 /* Clima3.app */;
			productType = "com.apple.product-type.application";
		};
/* End PBXNativeTarget section */

/* Begin PBXProject section */
		F1898BF51E5979760009AEC1 /* Project object */ = {
			isa = PBXProject;
			attributes = {
				LastSwiftUpdateCheck = 0810;
				LastUpgradeCheck = 0810;
				ORGANIZATIONNAME = "Rodrigo Hernandez";
				TargetAttributes = {
					F1898BFC1E5979760009AEC1 = {
						CreatedOnToolsVersion = 8.1;
						ProvisioningStyle = Automatic;
					};
				};
			};
			buildConfigurationList = F1898BF81E5979760009AEC1 /* Build configuration list for PBXProject "Clima3" */;
			compatibilityVersion = "Xcode 3.2";
			developmentRegion = English;
			hasScannedForEncodings = 0;
			knownRegions = (
				en,
				Base,
			);
			mainGroup = F1898BF41E5979760009AEC1;
			productRefGroup = F1898BFE1E5979760009AEC1 /* Products */;
			projectDirPath = "";
			projectRoot = "";
			targets = (
				F1898BFC1E5979760009AEC1 /* Clima3 */,
			);
		};
/* End PBXProject section */

/* Begin PBXResourcesBuildPhase section */
		F1898BFB1E5979760009AEC1 /* Resources */ = {
			isa = PBXResourcesBuildPhase;
			buildActionMask = 2147483647;
			files = (
				F1898C0B1E5979770009AEC1 /* LaunchScreen.storyboard in Resources */,
				F1898C081E5979770009AEC1 /* Assets.xcassets in Resources */,
				F1898C061E5979770009AEC1 /* Main.storyboard in Resources */,
			);
			runOnlyForDeploymentPostprocessing = 0;
		};
/* End PBXResourcesBuildPhase section */

/* Begin PBXSourcesBuildPhase section */
		F1898BF91E5979760009AEC1 /* Sources */ = {
			isa = PBXSourcesBuildPhase;
			buildActionMask = 2147483647;
			files = (
				F1898C011E5979770009AEC1 /* AppDelegate.swift in Sources */,
				F1898C131E5A03FD0009AEC1 /* TVC.swift in Sources */,
				F1898C151E5A0B010009AEC1 /* ControlCiudad.swift in Sources */,
			);
			runOnlyForDeploymentPostprocessing = 0;
		};
/* End PBXSourcesBuildPhase section */

/* Begin PBXVariantGroup section */
		F1898C041E5979770009AEC1 /* Main.storyboard */ = {
			isa = PBXVariantGroup;
			children = (
				F1898C051E5979770009AEC1 /* Base */,
			);
			name = Main.storyboard;
			sourceTree = "<group>";
		};
		F1898C091E5979770009AEC1 /* LaunchScreen.storyboard */ = {
			isa = PBXVariantGroup;
			children = (
				F1898C0A1E5979770009AEC1 /* Base */,
			);
			name = LaunchScreen.storyboard;
			sourceTree = "<group>";
		};
/* End PBXVariantGroup section */

/* Begin XCBuildConfiguration section */
		F1898C0D1E5979770009AEC1 /* Debug */ = {
			isa = XCBuildConfiguration;
			buildSettings = {
				ALWAYS_SEARCH_USER_PATHS = NO;
				CLANG_ANALYZER_NONNULL = YES;
				CLANG_CXX_LANGUAGE_STANDARD = "gnu++0x";
				CLANG_CXX_LIBRARY = "libc++";
				CLANG_ENABLE_MODULES = YES;
				CLANG_ENABLE_OBJC_ARC = YES;
				CLANG_WARN_BOOL_CONVERSION = YES;
				CLANG_WARN_CONSTANT_CONVERSION = YES;
				CLANG_WARN_DIRECT_OBJC_ISA_USAGE = YES_ERROR;
				CLANG_WARN_DOCUMENTATION_COMMENTS = YES;
				CLANG_WARN_EMPTY_BODY = YES;
				CLANG_WARN_ENUM_CONVERSION = YES;
				CLANG_WARN_INFINITE_RECURSION = YES;
				CLANG_WARN_INT_CONVERSION = YES;
				CLANG_WARN_OBJC_ROOT_CLASS = YES_ERROR;
				CLANG_WARN_SUSPICIOUS_MOVES = YES;
				CLANG_WARN_UNREACHABLE_CODE = YES;
				CLANG_WARN__DUPLICATE_METHOD_MATCH = YES;
				"CODE_SIGN_IDENTITY[sdk=iphoneos*]" = "iPhone Developer";
				COPY_PHASE_STRIP = NO;
				DEBUG_INFORMATION_FORMAT = dwarf;
				ENABLE_STRICT_OBJC_MSGSEND = YES;
				ENABLE_TESTABILITY = YES;
				GCC_C_LANGUAGE_STANDARD = gnu99;
				GCC_DYNAMIC_NO_PIC = NO;
				GCC_NO_COMMON_BLOCKS = YES;
				GCC_OPTIMIZATION_LEVEL = 0;
				GCC_PREPROCESSOR_DEFINITIONS = (
					"DEBUG=1",
					"$(inherited)",
				);
				GCC_WARN_64_TO_32_BIT_CONVERSION = YES;
				GCC_WARN_ABOUT_RETURN_TYPE = YES_ERROR;
				GCC_WARN_UNDECLARED_SELECTOR = YES;
				GCC_WARN_UNINITIALIZED_AUTOS = YES_AGGRESSIVE;
				GCC_WARN_UNUSED_FUNCTION = YES;
				GCC_WARN_UNUSED_VARIABLE = YES;
				IPHONEOS_DEPLOYMENT_TARGET = 10.1;
				MTL_ENABLE_DEBUG_INFO = YES;
				ONLY_ACTIVE_ARCH = YES;
				SDKROOT = iphoneos;
				SWIFT_ACTIVE_COMPILATION_CONDITIONS = DEBUG;
				SWIFT_OPTIMIZATION_LEVEL = "-Onone";
				TARGETED_DEVICE_FAMILY = "1,2";
			};
			name = Debug;
		};
		F1898C0E1E5979770009AEC1 /* Release */ = {
			isa = XCBuildConfiguration;
			buildSettings = {
				ALWAYS_SEARCH_USER_PATHS = NO;
				CLANG_ANALYZER_NONNULL = YES;
				CLANG_CXX_LANGUAGE_STANDARD = "gnu++0x";
				CLANG_CXX_LIBRARY = "libc++";
				CLANG_ENABLE_MODULES = YES;
				CLANG_ENABLE_OBJC_ARC = YES;
				CLANG_WARN_BOOL_CONVERSION = YES;
				CLANG_WARN_CONSTANT_CONVERSION = YES;
				CLANG_WARN_DIRECT_OBJC_ISA_USAGE = YES_ERROR;
				CLANG_WARN_DOCUMENTATION_COMMENTS = YES;
				CLANG_WARN_EMPTY_BODY = YES;
				CLANG_WARN_ENUM_CONVERSION = YES;
				CLANG_WARN_INFINITE_RECURSION = YES;
				CLANG_WARN_INT_CONVERSION = YES;
				CLANG_WARN_OBJC_ROOT_CLASS = YES_ERROR;
				CLANG_WARN_SUSPICIOUS_MOVES = YES;
				CLANG_WARN_UNREACHABLE_CODE = YES;
				CLANG_WARN__DUPLICATE_METHOD_MATCH = YES;
				"CODE_SIGN_IDENTITY[sdk=iphoneos*]" = "iPhone Developer";
				COPY_PHASE_STRIP = NO;
				DEBUG_INFORMATION_FORMAT = "dwarf-with-dsym";
				ENABLE_NS_ASSERTIONS = NO;
				ENABLE_STRICT_OBJC_MSGSEND = YES;
				GCC_C_LANGUAGE_STANDARD = gnu99;
				GCC_NO_COMMON_BLOCKS = YES;
				GCC_WARN_64_TO_32_BIT_CONVERSION = YES;
				GCC_WARN_ABOUT_RETURN_TYPE = YES_ERROR;
				GCC_WARN_UNDECLARED_SELECTOR = YES;
				GCC_WARN_UNINITIALIZED_AUTOS = YES_AGGRESSIVE;
				GCC_WARN_UNUSED_FUNCTION = YES;
				GCC_WARN_UNUSED_VARIABLE = YES;
				IPHONEOS_DEPLOYMENT_TARGET = 10.1;
				MTL_ENABLE_DEBUG_INFO = NO;
				SDKROOT = iphoneos;
				SWIFT_OPTIMIZATION_LEVEL = "-Owholemodule";
				TARGETED_DEVICE_FAMILY = "1,2";
				VALIDATE_PRODUCT = YES;
			};
			name = Release;
		};
		F1898C101E5979770009AEC1 /* Debug */ = {
			isa = XCBuildConfiguration;
			buildSettings = {
				ASSETCATALOG_COMPILER_APPICON_NAME = AppIcon;
				INFOPLIST_FILE = Clima3/Info.plist;
				LD_RUNPATH_SEARCH_PATHS = "$(inherited) @executable_path/Frameworks";
				PRODUCT_BUNDLE_IDENTIFIER = com.org.Clima3;
				PRODUCT_NAME = "$(TARGET_NAME)";
				SWIFT_VERSION = 3.0;
			};
			name = Debug;
		};
		F1898C111E5979770009AEC1 /* Release */ = {
			isa = XCBuildConfiguration;
			buildSettings = {
				ASSETCATALOG_COMPILER_APPICON_NAME = AppIcon;
				INFOPLIST_FILE = Clima3/Info.plist;
				LD_RUNPATH_SEARCH_PATHS = "$(inherited) @executable_path/Frameworks";
				PRODUCT_BUNDLE_IDENTIFIER = com.org.Clima3;
				PRODUCT_NAME = "$(TARGET_NAME)";
				SWIFT_VERSION = 3.0;
			};
			name = Release;
		};
/* End XCBuildConfiguration section */

/* Begin XCConfigurationList section */
		F1898BF81E5979760009AEC1 /* Build configuration list for PBXProject "Clima3" */ = {
			isa = XCConfigurationList;
			buildConfigurations = (
				F1898C0D1E5979770009AEC1 /* Debug */,
				F1898C0E1E5979770009AEC1 /* Release */,
			);
			defaultConfigurationIsVisible = 0;
			defaultConfigurationName = Release;
		};
		F1898C0F1E5979770009AEC1 /* Build configuration list for PBXNativeTarget "Clima3" */ = {
			isa = XCConfigurationList;
			buildConfigurations = (
				F1898C101E5979770009AEC1 /* Debug */,
				F1898C111E5979770009AEC1 /* Release */,
			);
			defaultConfigurationIsVisible = 0;
		};
/* End XCConfigurationList section */
	};
	rootObject = F1898BF51E5979760009AEC1 /* Project object */;
}
